// !$*UTF8*$!
{
	archiveVersion = 1;
	classes = {
	};
	objectVersion = 56;
	objects = {

/* Begin PBXBuildFile section */
		202DFF7D29A64A6B00CB3342 /* InStockApp.swift in Sources */ = {isa = PBXBuildFile; fileRef = 202DFF7C29A64A6B00CB3342 /* InStockApp.swift */; };
		202DFF7F29A64A6B00CB3342 /* ContentView.swift in Sources */ = {isa = PBXBuildFile; fileRef = 202DFF7E29A64A6B00CB3342 /* ContentView.swift */; };
		202DFF8129A64A6C00CB3342 /* Assets.xcassets in Resources */ = {isa = PBXBuildFile; fileRef = 202DFF8029A64A6C00CB3342 /* Assets.xcassets */; };
		202DFF8429A64A6C00CB3342 /* Preview Assets.xcassets in Resources */ = {isa = PBXBuildFile; fileRef = 202DFF8329A64A6C00CB3342 /* Preview Assets.xcassets */; };
		202DFF8E29A64A6C00CB3342 /* InStockTests.swift in Sources */ = {isa = PBXBuildFile; fileRef = 202DFF8D29A64A6C00CB3342 /* InStockTests.swift */; };
		202DFF9829A64A6C00CB3342 /* InStockUITests.swift in Sources */ = {isa = PBXBuildFile; fileRef = 202DFF9729A64A6C00CB3342 /* InStockUITests.swift */; };
		202DFF9A29A64A6C00CB3342 /* InStockUITestsLaunchTests.swift in Sources */ = {isa = PBXBuildFile; fileRef = 202DFF9929A64A6C00CB3342 /* InStockUITestsLaunchTests.swift */; };
/* End PBXBuildFile section */

/* Begin PBXContainerItemProxy section */
		202DFF8A29A64A6C00CB3342 /* PBXContainerItemProxy */ = {
			isa = PBXContainerItemProxy;
			containerPortal = 202DFF7129A64A6B00CB3342 /* Project object */;
			proxyType = 1;
			remoteGlobalIDString = 202DFF7829A64A6B00CB3342;
			remoteInfo = InStock;
		};
		202DFF9429A64A6C00CB3342 /* PBXContainerItemProxy */ = {
			isa = PBXContainerItemProxy;
			containerPortal = 202DFF7129A64A6B00CB3342 /* Project object */;
			proxyType = 1;
			remoteGlobalIDString = 202DFF7829A64A6B00CB3342;
			remoteInfo = InStock;
		};
/* End PBXContainerItemProxy section */

/* Begin PBXFileReference section */
		202DFF7929A64A6B00CB3342 /* InStock.app */ = {isa = PBXFileReference; explicitFileType = wrapper.application; includeInIndex = 0; path = InStock.app; sourceTree = BUILT_PRODUCTS_DIR; };
		202DFF7C29A64A6B00CB3342 /* InStockApp.swift */ = {isa = PBXFileReference; lastKnownFileType = sourcecode.swift; path = InStockApp.swift; sourceTree = "<group>"; };
		202DFF7E29A64A6B00CB3342 /* ContentView.swift */ = {isa = PBXFileReference; lastKnownFileType = sourcecode.swift; path = ContentView.swift; sourceTree = "<group>"; };
		202DFF8029A64A6C00CB3342 /* Assets.xcassets */ = {isa = PBXFileReference; lastKnownFileType = folder.assetcatalog; path = Assets.xcassets; sourceTree = "<group>"; };
		202DFF8329A64A6C00CB3342 /* Preview Assets.xcassets */ = {isa = PBXFileReference; lastKnownFileType = folder.assetcatalog; path = "Preview Assets.xcassets"; sourceTree = "<group>"; };
		202DFF8929A64A6C00CB3342 /* InStockTests.xctest */ = {isa = PBXFileReference; explicitFileType = wrapper.cfbundle; includeInIndex = 0; path = InStockTests.xctest; sourceTree = BUILT_PRODUCTS_DIR; };
		202DFF8D29A64A6C00CB3342 /* InStockTests.swift */ = {isa = PBXFileReference; lastKnownFileType = sourcecode.swift; path = InStockTests.swift; sourceTree = "<group>"; };
		202DFF9329A64A6C00CB3342 /* InStockUITests.xctest */ = {isa = PBXFileReference; explicitFileType = wrapper.cfbundle; includeInIndex = 0; path = InStockUITests.xctest; sourceTree = BUILT_PRODUCTS_DIR; };
		202DFF9729A64A6C00CB3342 /* InStockUITests.swift */ = {isa = PBXFileReference; lastKnownFileType = sourcecode.swift; path = InStockUITests.swift; sourceTree = "<group>"; };
		202DFF9929A64A6C00CB3342 /* InStockUITestsLaunchTests.swift */ = {isa = PBXFileReference; lastKnownFileType = sourcecode.swift; path = InStockUITestsLaunchTests.swift; sourceTree = "<group>"; };
/* End PBXFileReference section */

/* Begin PBXFrameworksBuildPhase section */
		202DFF7629A64A6B00CB3342 /* Frameworks */ = {
			isa = PBXFrameworksBuildPhase;
			buildActionMask = 2147483647;
			files = (
			);
			runOnlyForDeploymentPostprocessing = 0;
		};
		202DFF8629A64A6C00CB3342 /* Frameworks */ = {
			isa = PBXFrameworksBuildPhase;
			buildActionMask = 2147483647;
			files = (
			);
			runOnlyForDeploymentPostprocessing = 0;
		};
		202DFF9029A64A6C00CB3342 /* Frameworks */ = {
			isa = PBXFrameworksBuildPhase;
			buildActionMask = 2147483647;
			files = (
			);
			runOnlyForDeploymentPostprocessing = 0;
		};
/* End PBXFrameworksBuildPhase section */

/* Begin PBXGroup section */
		202DFF7029A64A6B00CB3342 = {
			isa = PBXGroup;
			children = (
				202DFF7B29A64A6B00CB3342 /* InStock */,
				202DFF8C29A64A6C00CB3342 /* InStockTests */,
				202DFF9629A64A6C00CB3342 /* InStockUITests */,
				202DFF7A29A64A6B00CB3342 /* Products */,
			);
			sourceTree = "<group>";
		};
		202DFF7A29A64A6B00CB3342 /* Products */ = {
			isa = PBXGroup;
			children = (
				202DFF7929A64A6B00CB3342 /* InStock.app */,
				202DFF8929A64A6C00CB3342 /* InStockTests.xctest */,
				202DFF9329A64A6C00CB3342 /* InStockUITests.xctest */,
			);
			name = Products;
			sourceTree = "<group>";
		};
		202DFF7B29A64A6B00CB3342 /* InStock */ = {
			isa = PBXGroup;
			children = (
				202DFF7C29A64A6B00CB3342 /* InStockApp.swift */,
				202DFF7E29A64A6B00CB3342 /* ContentView.swift */,
				202DFF8029A64A6C00CB3342 /* Assets.xcassets */,
				202DFF8229A64A6C00CB3342 /* Preview Content */,
			);
			path = InStock;
			sourceTree = "<group>";
		};
		202DFF8229A64A6C00CB3342 /* Preview Content */ = {
			isa = PBXGroup;
			children = (
				202DFF8329A64A6C00CB3342 /* Preview Assets.xcassets */,
			);
			path = "Preview Content";
			sourceTree = "<group>";
		};
		202DFF8C29A64A6C00CB3342 /* InStockTests */ = {
			isa = PBXGroup;
			children = (
				202DFF8D29A64A6C00CB3342 /* InStockTests.swift */,
			);
			path = InStockTests;
			sourceTree = "<group>";
		};
		202DFF9629A64A6C00CB3342 /* InStockUITests */ = {
			isa = PBXGroup;
			children = (
				202DFF9729A64A6C00CB3342 /* InStockUITests.swift */,
				202DFF9929A64A6C00CB3342 /* InStockUITestsLaunchTests.swift */,
			);
			path = InStockUITests;
			sourceTree = "<group>";
		};
/* End PBXGroup section */

/* Begin PBXNativeTarget section */
		202DFF7829A64A6B00CB3342 /* InStock */ = {
			isa = PBXNativeTarget;
			buildConfigurationList = 202DFF9D29A64A6C00CB3342 /* Build configuration list for PBXNativeTarget "InStock" */;
			buildPhases = (
				202DFF7529A64A6B00CB3342 /* Sources */,
				202DFF7629A64A6B00CB3342 /* Frameworks */,
				202DFF7729A64A6B00CB3342 /* Resources */,
			);
			buildRules = (
			);
			dependencies = (
			);
			name = InStock;
			productName = InStock;
			productReference = 202DFF7929A64A6B00CB3342 /* InStock.app */;
			productType = "com.apple.product-type.application";
		};
		202DFF8829A64A6C00CB3342 /* InStockTests */ = {
			isa = PBXNativeTarget;
			buildConfigurationList = 202DFFA029A64A6C00CB3342 /* Build configuration list for PBXNativeTarget "InStockTests" */;
			buildPhases = (
				202DFF8529A64A6C00CB3342 /* Sources */,
				202DFF8629A64A6C00CB3342 /* Frameworks */,
				202DFF8729A64A6C00CB3342 /* Resources */,
			);
			buildRules = (
			);
			dependencies = (
				202DFF8B29A64A6C00CB3342 /* PBXTargetDependency */,
			);
			name = InStockTests;
			productName = InStockTests;
			productReference = 202DFF8929A64A6C00CB3342 /* InStockTests.xctest */;
			productType = "com.apple.product-type.bundle.unit-test";
		};
		202DFF9229A64A6C00CB3342 /* InStockUITests */ = {
			isa = PBXNativeTarget;
			buildConfigurationList = 202DFFA329A64A6C00CB3342 /* Build configuration list for PBXNativeTarget "InStockUITests" */;
			buildPhases = (
				202DFF8F29A64A6C00CB3342 /* Sources */,
				202DFF9029A64A6C00CB3342 /* Frameworks */,
				202DFF9129A64A6C00CB3342 /* Resources */,
			);
			buildRules = (
			);
			dependencies = (
				202DFF9529A64A6C00CB3342 /* PBXTargetDependency */,
			);
			name = InStockUITests;
			productName = InStockUITests;
			productReference = 202DFF9329A64A6C00CB3342 /* InStockUITests.xctest */;
			productType = "com.apple.product-type.bundle.ui-testing";
		};
/* End PBXNativeTarget section */

/* Begin PBXProject section */
		202DFF7129A64A6B00CB3342 /* Project object */ = {
			isa = PBXProject;
			attributes = {
				BuildIndependentTargetsInParallel = 1;
				LastSwiftUpdateCheck = 1410;
				LastUpgradeCheck = 1410;
				TargetAttributes = {
					202DFF7829A64A6B00CB3342 = {
						CreatedOnToolsVersion = 14.1;
					};
					202DFF8829A64A6C00CB3342 = {
						CreatedOnToolsVersion = 14.1;
						TestTargetID = 202DFF7829A64A6B00CB3342;
					};
					202DFF9229A64A6C00CB3342 = {
						CreatedOnToolsVersion = 14.1;
						TestTargetID = 202DFF7829A64A6B00CB3342;
					};
				};
			};
			buildConfigurationList = 202DFF7429A64A6B00CB3342 /* Build configuration list for PBXProject "InStock" */;
			compatibilityVersion = "Xcode 14.0";
			developmentRegion = en;
			hasScannedForEncodings = 0;
			knownRegions = (
				en,
				Base,
			);
			mainGroup = 202DFF7029A64A6B00CB3342;
			productRefGroup = 202DFF7A29A64A6B00CB3342 /* Products */;
			projectDirPath = "";
			projectRoot = "";
			targets = (
				202DFF7829A64A6B00CB3342 /* InStock */,
				202DFF8829A64A6C00CB3342 /* InStockTests */,
				202DFF9229A64A6C00CB3342 /* InStockUITests */,
			);
		};
/* End PBXProject section */

/* Begin PBXResourcesBuildPhase section */
		202DFF7729A64A6B00CB3342 /* Resources */ = {
			isa = PBXResourcesBuildPhase;
			buildActionMask = 2147483647;
			files = (
				202DFF8429A64A6C00CB3342 /* Preview Assets.xcassets in Resources */,
				202DFF8129A64A6C00CB3342 /* Assets.xcassets in Resources */,
			);
			runOnlyForDeploymentPostprocessing = 0;
		};
		202DFF8729A64A6C00CB3342 /* Resources */ = {
			isa = PBXResourcesBuildPhase;
			buildActionMask = 2147483647;
			files = (
			);
			runOnlyForDeploymentPostprocessing = 0;
		};
		202DFF9129A64A6C00CB3342 /* Resources */ = {
			isa = PBXResourcesBuildPhase;
			buildActionMask = 2147483647;
			files = (
			);
			runOnlyForDeploymentPostprocessing = 0;
		};
/* End PBXResourcesBuildPhase section */

/* Begin PBXSourcesBuildPhase section */
		202DFF7529A64A6B00CB3342 /* Sources */ = {
			isa = PBXSourcesBuildPhase;
			buildActionMask = 2147483647;
			files = (
				202DFF7F29A64A6B00CB3342 /* ContentView.swift in Sources */,
				202DFF7D29A64A6B00CB3342 /* InStockApp.swift in Sources */,
			);
			runOnlyForDeploymentPostprocessing = 0;
		};
		202DFF8529A64A6C00CB3342 /* Sources */ = {
			isa = PBXSourcesBuildPhase;
			buildActionMask = 2147483647;
			files = (
				202DFF8E29A64A6C00CB3342 /* InStockTests.swift in Sources */,
			);
			runOnlyForDeploymentPostprocessing = 0;
		};
		202DFF8F29A64A6C00CB3342 /* Sources */ = {
			isa = PBXSourcesBuildPhase;
			buildActionMask = 2147483647;
			files = (
				202DFF9A29A64A6C00CB3342 /* InStockUITestsLaunchTests.swift in Sources */,
				202DFF9829A64A6C00CB3342 /* InStockUITests.swift in Sources */,
			);
			runOnlyForDeploymentPostprocessing = 0;
		};
/* End PBXSourcesBuildPhase section */

/* Begin PBXTargetDependency section */
		202DFF8B29A64A6C00CB3342 /* PBXTargetDependency */ = {
			isa = PBXTargetDependency;
			target = 202DFF7829A64A6B00CB3342 /* InStock */;
			targetProxy = 202DFF8A29A64A6C00CB3342 /* PBXContainerItemProxy */;
		};
		202DFF9529A64A6C00CB3342 /* PBXTargetDependency */ = {
			isa = PBXTargetDependency;
			target = 202DFF7829A64A6B00CB3342 /* InStock */;
			targetProxy = 202DFF9429A64A6C00CB3342 /* PBXContainerItemProxy */;
		};
/* End PBXTargetDependency section */

/* Begin XCBuildConfiguration section */
		202DFF9B29A64A6C00CB3342 /* Debug */ = {
			isa = XCBuildConfiguration;
			buildSettings = {
				ALWAYS_SEARCH_USER_PATHS = NO;
				CLANG_ANALYZER_NONNULL = YES;
				CLANG_ANALYZER_NUMBER_OBJECT_CONVERSION = YES_AGGRESSIVE;
				CLANG_CXX_LANGUAGE_STANDARD = "gnu++20";
				CLANG_ENABLE_MODULES = YES;
				CLANG_ENABLE_OBJC_ARC = YES;
				CLANG_ENABLE_OBJC_WEAK = YES;
				CLANG_WARN_BLOCK_CAPTURE_AUTORELEASING = YES;
				CLANG_WARN_BOOL_CONVERSION = YES;
				CLANG_WARN_COMMA = YES;
				CLANG_WARN_CONSTANT_CONVERSION = YES;
				CLANG_WARN_DEPRECATED_OBJC_IMPLEMENTATIONS = YES;
				CLANG_WARN_DIRECT_OBJC_ISA_USAGE = YES_ERROR;
				CLANG_WARN_DOCUMENTATION_COMMENTS = YES;
				CLANG_WARN_EMPTY_BODY = YES;
				CLANG_WARN_ENUM_CONVERSION = YES;
				CLANG_WARN_INFINITE_RECURSION = YES;
				CLANG_WARN_INT_CONVERSION = YES;
				CLANG_WARN_NON_LITERAL_NULL_CONVERSION = YES;
				CLANG_WARN_OBJC_IMPLICIT_RETAIN_SELF = YES;
				CLANG_WARN_OBJC_LITERAL_CONVERSION = YES;
				CLANG_WARN_OBJC_ROOT_CLASS = YES_ERROR;
				CLANG_WARN_QUOTED_INCLUDE_IN_FRAMEWORK_HEADER = YES;
				CLANG_WARN_RANGE_LOOP_ANALYSIS = YES;
				CLANG_WARN_STRICT_PROTOTYPES = YES;
				CLANG_WARN_SUSPICIOUS_MOVE = YES;
				CLANG_WARN_UNGUARDED_AVAILABILITY = YES_AGGRESSIVE;
				CLANG_WARN_UNREACHABLE_CODE = YES;
				CLANG_WARN__DUPLICATE_METHOD_MATCH = YES;
				COPY_PHASE_STRIP = NO;
				DEBUG_INFORMATION_FORMAT = dwarf;
				ENABLE_STRICT_OBJC_MSGSEND = YES;
				ENABLE_TESTABILITY = YES;
				GCC_C_LANGUAGE_STANDARD = gnu11;
				GCC_DYNAMIC_NO_PIC = NO;
				GCC_NO_COMMON_BLOCKS = YES;
				GCC_OPTIMIZATION_LEVEL = 0;
				GCC_PREPROCESSOR_DEFINITIONS = (
					"DEBUG=1",
					"$(inherited)",
				);
				GCC_WARN_64_TO_32_BIT_CONVERSION = YES;
				GCC_WARN_ABOUT_RETURN_TYPE = YES_ERROR;
				GCC_WARN_UNDECLARED_SELECTOR = YES;
				GCC_WARN_UNINITIALIZED_AUTOS = YES_AGGRESSIVE;
				GCC_WARN_UNUSED_FUNCTION = YES;
				GCC_WARN_UNUSED_VARIABLE = YES;
				IPHONEOS_DEPLOYMENT_TARGET = 16.1;
				MTL_ENABLE_DEBUG_INFO = INCLUDE_SOURCE;
				MTL_FAST_MATH = YES;
				ONLY_ACTIVE_ARCH = YES;
				SDKROOT = iphoneos;
				SWIFT_ACTIVE_COMPILATION_CONDITIONS = DEBUG;
				SWIFT_OPTIMIZATION_LEVEL = "-Onone";
			};
			name = Debug;
		};
		202DFF9C29A64A6C00CB3342 /* Release */ = {
			isa = XCBuildConfiguration;
			buildSettings = {
				ALWAYS_SEARCH_USER_PATHS = NO;
				CLANG_ANALYZER_NONNULL = YES;
				CLANG_ANALYZER_NUMBER_OBJECT_CONVERSION = YES_AGGRESSIVE;
				CLANG_CXX_LANGUAGE_STANDARD = "gnu++20";
				CLANG_ENABLE_MODULES = YES;
				CLANG_ENABLE_OBJC_ARC = YES;
				CLANG_ENABLE_OBJC_WEAK = YES;
				CLANG_WARN_BLOCK_CAPTURE_AUTORELEASING = YES;
				CLANG_WARN_BOOL_CONVERSION = YES;
				CLANG_WARN_COMMA = YES;
				CLANG_WARN_CONSTANT_CONVERSION = YES;
				CLANG_WARN_DEPRECATED_OBJC_IMPLEMENTATIONS = YES;
				CLANG_WARN_DIRECT_OBJC_ISA_USAGE = YES_ERROR;
				CLANG_WARN_DOCUMENTATION_COMMENTS = YES;
				CLANG_WARN_EMPTY_BODY = YES;
				CLANG_WARN_ENUM_CONVERSION = YES;
				CLANG_WARN_INFINITE_RECURSION = YES;
				CLANG_WARN_INT_CONVERSION = YES;
				CLANG_WARN_NON_LITERAL_NULL_CONVERSION = YES;
				CLANG_WARN_OBJC_IMPLICIT_RETAIN_SELF = YES;
				CLANG_WARN_OBJC_LITERAL_CONVERSION = YES;
				CLANG_WARN_OBJC_ROOT_CLASS = YES_ERROR;
				CLANG_WARN_QUOTED_INCLUDE_IN_FRAMEWORK_HEADER = YES;
				CLANG_WARN_RANGE_LOOP_ANALYSIS = YES;
				CLANG_WARN_STRICT_PROTOTYPES = YES;
				CLANG_WARN_SUSPICIOUS_MOVE = YES;
				CLANG_WARN_UNGUARDED_AVAILABILITY = YES_AGGRESSIVE;
				CLANG_WARN_UNREACHABLE_CODE = YES;
				CLANG_WARN__DUPLICATE_METHOD_MATCH = YES;
				COPY_PHASE_STRIP = NO;
				DEBUG_INFORMATION_FORMAT = "dwarf-with-dsym";
				ENABLE_NS_ASSERTIONS = NO;
				ENABLE_STRICT_OBJC_MSGSEND = YES;
				GCC_C_LANGUAGE_STANDARD = gnu11;
				GCC_NO_COMMON_BLOCKS = YES;
				GCC_WARN_64_TO_32_BIT_CONVERSION = YES;
				GCC_WARN_ABOUT_RETURN_TYPE = YES_ERROR;
				GCC_WARN_UNDECLARED_SELECTOR = YES;
				GCC_WARN_UNINITIALIZED_AUTOS = YES_AGGRESSIVE;
				GCC_WARN_UNUSED_FUNCTION = YES;
				GCC_WARN_UNUSED_VARIABLE = YES;
				IPHONEOS_DEPLOYMENT_TARGET = 16.1;
				MTL_ENABLE_DEBUG_INFO = NO;
				MTL_FAST_MATH = YES;
				SDKROOT = iphoneos;
				SWIFT_COMPILATION_MODE = wholemodule;
				SWIFT_OPTIMIZATION_LEVEL = "-O";
				VALIDATE_PRODUCT = YES;
			};
			name = Release;
		};
		202DFF9E29A64A6C00CB3342 /* Debug */ = {
			isa = XCBuildConfiguration;
			buildSettings = {
				ASSETCATALOG_COMPILER_APPICON_NAME = AppIcon;
				ASSETCATALOG_COMPILER_GLOBAL_ACCENT_COLOR_NAME = AccentColor;
				CODE_SIGN_STYLE = Automatic;
				CURRENT_PROJECT_VERSION = 1;
				DEVELOPMENT_ASSET_PATHS = "\"InStock/Preview Content\"";
				DEVELOPMENT_TEAM = 6RYGR6EVKS;
				ENABLE_PREVIEWS = YES;
				GENERATE_INFOPLIST_FILE = YES;
				INFOPLIST_KEY_UIApplicationSceneManifest_Generation = YES;
				INFOPLIST_KEY_UIApplicationSupportsIndirectInputEvents = YES;
				INFOPLIST_KEY_UILaunchScreen_Generation = YES;
				INFOPLIST_KEY_UISupportedInterfaceOrientations_iPad = "UIInterfaceOrientationPortrait UIInterfaceOrientationPortraitUpsideDown UIInterfaceOrientationLandscapeLeft UIInterfaceOrientationLandscapeRight";
				INFOPLIST_KEY_UISupportedInterfaceOrientations_iPhone = "UIInterfaceOrientationPortrait UIInterfaceOrientationLandscapeLeft UIInterfaceOrientationLandscapeRight";
				LD_RUNPATH_SEARCH_PATHS = (
					"$(inherited)",
					"@executable_path/Frameworks",
				);
				MARKETING_VERSION = 1.0;
				PRODUCT_BUNDLE_IDENTIFIER = obarg.InStock;
				PRODUCT_NAME = "$(TARGET_NAME)";
				SWIFT_EMIT_LOC_STRINGS = YES;
				SWIFT_VERSION = 5.0;
				TARGETED_DEVICE_FAMILY = "1,2";
			};
			name = Debug;
		};
		202DFF9F29A64A6C00CB3342 /* Release */ = {
			isa = XCBuildConfiguration;
			buildSettings = {
				ASSETCATALOG_COMPILER_APPICON_NAME = AppIcon;
				ASSETCATALOG_COMPILER_GLOBAL_ACCENT_COLOR_NAME = AccentColor;
				CODE_SIGN_STYLE = Automatic;
				CURRENT_PROJECT_VERSION = 1;
				DEVELOPMENT_ASSET_PATHS = "\"InStock/Preview Content\"";
				DEVELOPMENT_TEAM = 6RYGR6EVKS;
				ENABLE_PREVIEWS = YES;
				GENERATE_INFOPLIST_FILE = YES;
				INFOPLIST_KEY_UIApplicationSceneManifest_Generation = YES;
				INFOPLIST_KEY_UIApplicationSupportsIndirectInputEvents = YES;
				INFOPLIST_KEY_UILaunchScreen_Generation = YES;
				INFOPLIST_KEY_UISupportedInterfaceOrientations_iPad = "UIInterfaceOrientationPortrait UIInterfaceOrientationPortraitUpsideDown UIInterfaceOrientationLandscapeLeft UIInterfaceOrientationLandscapeRight";
				INFOPLIST_KEY_UISupportedInterfaceOrientations_iPhone = "UIInterfaceOrientationPortrait UIInterfaceOrientationLandscapeLeft UIInterfaceOrientationLandscapeRight";
				LD_RUNPATH_SEARCH_PATHS = (
					"$(inherited)",
					"@executable_path/Frameworks",
				);
				MARKETING_VERSION = 1.0;
				PRODUCT_BUNDLE_IDENTIFIER = obarg.InStock;
				PRODUCT_NAME = "$(TARGET_NAME)";
				SWIFT_EMIT_LOC_STRINGS = YES;
				SWIFT_VERSION = 5.0;
				TARGETED_DEVICE_FAMILY = "1,2";
			};
			name = Release;
		};
		202DFFA129A64A6C00CB3342 /* Debug */ = {
			isa = XCBuildConfiguration;
			buildSettings = {
				ALWAYS_EMBED_SWIFT_STANDARD_LIBRARIES = YES;
				BUNDLE_LOADER = "$(TEST_HOST)";
				CODE_SIGN_STYLE = Automatic;
				CURRENT_PROJECT_VERSION = 1;
				DEVELOPMENT_TEAM = 6RYGR6EVKS;
				GENERATE_INFOPLIST_FILE = YES;
				IPHONEOS_DEPLOYMENT_TARGET = 16.1;
				MARKETING_VERSION = 1.0;
				PRODUCT_BUNDLE_IDENTIFIER = obarg.InStockTests;
				PRODUCT_NAME = "$(TARGET_NAME)";
				SWIFT_EMIT_LOC_STRINGS = NO;
				SWIFT_VERSION = 5.0;
				TARGETED_DEVICE_FAMILY = "1,2";
				TEST_HOST = "$(BUILT_PRODUCTS_DIR)/InStock.app/$(BUNDLE_EXECUTABLE_FOLDER_PATH)/InStock";
			};
			name = Debug;
		};
		202DFFA229A64A6C00CB3342 /* Release */ = {
			isa = XCBuildConfiguration;
			buildSettings = {
				ALWAYS_EMBED_SWIFT_STANDARD_LIBRARIES = YES;
				BUNDLE_LOADER = "$(TEST_HOST)";
				CODE_SIGN_STYLE = Automatic;
				CURRENT_PROJECT_VERSION = 1;
				DEVELOPMENT_TEAM = 6RYGR6EVKS;
				GENERATE_INFOPLIST_FILE = YES;
				IPHONEOS_DEPLOYMENT_TARGET = 16.1;
				MARKETING_VERSION = 1.0;
				PRODUCT_BUNDLE_IDENTIFIER = obarg.InStockTests;
				PRODUCT_NAME = "$(TARGET_NAME)";
				SWIFT_EMIT_LOC_STRINGS = NO;
				SWIFT_VERSION = 5.0;
				TARGETED_DEVICE_FAMILY = "1,2";
				TEST_HOST = "$(BUILT_PRODUCTS_DIR)/InStock.app/$(BUNDLE_EXECUTABLE_FOLDER_PATH)/InStock";
			};
			name = Release;
		};
		202DFFA429A64A6C00CB3342 /* Debug */ = {
			isa = XCBuildConfiguration;
			buildSettings = {
				ALWAYS_EMBED_SWIFT_STANDARD_LIBRARIES = YES;
				CODE_SIGN_STYLE = Automatic;
				CURRENT_PROJECT_VERSION = 1;
				DEVELOPMENT_TEAM = 6RYGR6EVKS;
				GENERATE_INFOPLIST_FILE = YES;
				MARKETING_VERSION = 1.0;
				PRODUCT_BUNDLE_IDENTIFIER = obarg.InStockUITests;
				PRODUCT_NAME = "$(TARGET_NAME)";
				SWIFT_EMIT_LOC_STRINGS = NO;
				SWIFT_VERSION = 5.0;
				TARGETED_DEVICE_FAMILY = "1,2";
				TEST_TARGET_NAME = InStock;
			};
			name = Debug;
		};
		202DFFA529A64A6C00CB3342 /* Release */ = {
			isa = XCBuildConfiguration;
			buildSettings = {
				ALWAYS_EMBED_SWIFT_STANDARD_LIBRARIES = YES;
				CODE_SIGN_STYLE = Automatic;
				CURRENT_PROJECT_VERSION = 1;
				DEVELOPMENT_TEAM = 6RYGR6EVKS;
				GENERATE_INFOPLIST_FILE = YES;
				MARKETING_VERSION = 1.0;
				PRODUCT_BUNDLE_IDENTIFIER = obarg.InStockUITests;
				PRODUCT_NAME = "$(TARGET_NAME)";
				SWIFT_EMIT_LOC_STRINGS = NO;
				SWIFT_VERSION = 5.0;
				TARGETED_DEVICE_FAMILY = "1,2";
				TEST_TARGET_NAME = InStock;
			};
			name = Release;
		};
/* End XCBuildConfiguration section */

/* Begin XCConfigurationList section */
		202DFF7429A64A6B00CB3342 /* Build configuration list for PBXProject "InStock" */ = {
			isa = XCConfigurationList;
			buildConfigurations = (
				202DFF9B29A64A6C00CB3342 /* Debug */,
				202DFF9C29A64A6C00CB3342 /* Release */,
			);
			defaultConfigurationIsVisible = 0;
			defaultConfigurationName = Release;
		};
		202DFF9D29A64A6C00CB3342 /* Build configuration list for PBXNativeTarget "InStock" */ = {
			isa = XCConfigurationList;
			buildConfigurations = (
				202DFF9E29A64A6C00CB3342 /* Debug */,
				202DFF9F29A64A6C00CB3342 /* Release */,
			);
			defaultConfigurationIsVisible = 0;
			defaultConfigurationName = Release;
		};
		202DFFA029A64A6C00CB3342 /* Build configuration list for PBXNativeTarget "InStockTests" */ = {
			isa = XCConfigurationList;
			buildConfigurations = (
				202DFFA129A64A6C00CB3342 /* Debug */,
				202DFFA229A64A6C00CB3342 /* Release */,
			);
			defaultConfigurationIsVisible = 0;
			defaultConfigurationName = Release;
		};
		202DFFA329A64A6C00CB3342 /* Build configuration list for PBXNativeTarget "InStockUITests" */ = {
			isa = XCConfigurationList;
			buildConfigurations = (
				202DFFA429A64A6C00CB3342 /* Debug */,
				202DFFA529A64A6C00CB3342 /* Release */,
			);
			defaultConfigurationIsVisible = 0;
			defaultConfigurationName = Release;
		};
/* End XCConfigurationList section */
	};
	rootObject = 202DFF7129A64A6B00CB3342 /* Project object */;
}
